
Microsoft Visual Studio Solution File, Format Version 12.00
Project("{FAE04EC0-301F-11D3-BF4B-00C04F79EFBC}") = "ServerApp.Websocket", "ServerApp.Websocket\ServerApp.Websocket.csproj", "{9C5CD4A3-345A-4E80-8105-7BA899C6C9F5}"
EndProject
Project("{FAE04EC0-301F-11D3-BF4B-00C04F79EFBC}") = "ServerApp.Client.Test", "ServerApp.Client.Test\ServerApp.Client.Test.csproj", "{EBC509C3-579B-4D5F-8CFE-443493CDFB77}"
EndProject
Project("{FAE04EC0-301F-11D3-BF4B-00C04F79EFBC}") = "ServerApp.API.Models", "ServerApp.API.Models\ServerApp.API.Models.csproj", "{88F8E3C1-76DD-4DCD-AEB1-0F76A3FE0708}"
EndProject
Project("{FAE04EC0-301F-11D3-BF4B-00C04F79EFBC}") = "Test", "Test\Test.csproj", "{B6954AAB-E799-415A-BFC7-BA7D88F449B1}"
EndProject
Global
	GlobalSection(SolutionConfigurationPlatforms) = preSolution
		Debug|Any CPU = Debug|Any CPU
		Release|Any CPU = Release|Any CPU
	EndGlobalSection
	GlobalSection(ProjectConfigurationPlatforms) = postSolution
		{9C5CD4A3-345A-4E80-8105-7BA899C6C9F5}.Debug|Any CPU.ActiveCfg = Debug|Any CPU
		{9C5CD4A3-345A-4E80-8105-7BA899C6C9F5}.Debug|Any CPU.Build.0 = Debug|Any CPU
		{9C5CD4A3-345A-4E80-8105-7BA899C6C9F5}.Release|Any CPU.ActiveCfg = Release|Any CPU
		{9C5CD4A3-345A-4E80-8105-7BA899C6C9F5}.Release|Any CPU.Build.0 = Release|Any CPU
		{EBC509C3-579B-4D5F-8CFE-443493CDFB77}.Debug|Any CPU.ActiveCfg = Debug|Any CPU
		{EBC509C3-579B-4D5F-8CFE-443493CDFB77}.Debug|Any CPU.Build.0 = Debug|Any CPU
		{EBC509C3-579B-4D5F-8CFE-443493CDFB77}.Release|Any CPU.ActiveCfg = Release|Any CPU
		{EBC509C3-579B-4D5F-8CFE-443493CDFB77}.Release|Any CPU.Build.0 = Release|Any CPU
		{88F8E3C1-76DD-4DCD-AEB1-0F76A3FE0708}.Debug|Any CPU.ActiveCfg = Debug|Any CPU
		{88F8E3C1-76DD-4DCD-AEB1-0F76A3FE0708}.Debug|Any CPU.Build.0 = Debug|Any CPU
		{88F8E3C1-76DD-4DCD-AEB1-0F76A3FE0708}.Release|Any CPU.ActiveCfg = Release|Any CPU
		{88F8E3C1-76DD-4DCD-AEB1-0F76A3FE0708}.Release|Any CPU.Build.0 = Release|Any CPU
		{B6954AAB-E799-415A-BFC7-BA7D88F449B1}.Debug|Any CPU.ActiveCfg = Debug|Any CPU
		{B6954AAB-E799-415A-BFC7-BA7D88F449B1}.Debug|Any CPU.Build.0 = Debug|Any CPU
		{B6954AAB-E799-415A-BFC7-BA7D88F449B1}.Release|Any CPU.ActiveCfg = Release|Any CPU
		{B6954AAB-E799-415A-BFC7-BA7D88F449B1}.Release|Any CPU.Build.0 = Release|Any CPU
	EndGlobalSection
EndGlobal
